// !$*UTF8*$!
{
	archiveVersion = 1;
	classes = {
	};
	objectVersion = 50;
	objects = {

/* Begin PBXBuildFile section */
		F21E14672678F4D7002FB830 /* ImageStore.swift in Sources */ = {isa = PBXBuildFile; fileRef = F21E14662678F4D7002FB830 /* ImageStore.swift */; };
		F21E146C2678F637002FB830 /* PhotoInfoViewController.swift in Sources */ = {isa = PBXBuildFile; fileRef = F21E146B2678F637002FB830 /* PhotoInfoViewController.swift */; };
		F21E147526790217002FB830 /* Photorama.xcdatamodeld in Sources */ = {isa = PBXBuildFile; fileRef = F21E147326790217002FB830 /* Photorama.xcdatamodeld */; };
		F21E147B26790470002FB830 /* Photo+CoreDataClass.swift in Sources */ = {isa = PBXBuildFile; fileRef = F21E147926790470002FB830 /* Photo+CoreDataClass.swift */; };
		F21E148426790C84002FB830 /* Photo+CoreDataProperties.swift in Sources */ = {isa = PBXBuildFile; fileRef = F21E148326790C84002FB830 /* Photo+CoreDataProperties.swift */; };
		F26143A42673E10B00BE7A40 /* AppDelegate.swift in Sources */ = {isa = PBXBuildFile; fileRef = F26143A32673E10B00BE7A40 /* AppDelegate.swift */; };
		F26143A62673E10B00BE7A40 /* SceneDelegate.swift in Sources */ = {isa = PBXBuildFile; fileRef = F26143A52673E10B00BE7A40 /* SceneDelegate.swift */; };
		F26143A82673E10B00BE7A40 /* PhotosViewController.swift in Sources */ = {isa = PBXBuildFile; fileRef = F26143A72673E10B00BE7A40 /* PhotosViewController.swift */; };
		F26143AB2673E10B00BE7A40 /* Main.storyboard in Resources */ = {isa = PBXBuildFile; fileRef = F26143A92673E10B00BE7A40 /* Main.storyboard */; };
		F26143AD2673E11300BE7A40 /* Assets.xcassets in Resources */ = {isa = PBXBuildFile; fileRef = F26143AC2673E11300BE7A40 /* Assets.xcassets */; };
		F26143B02673E11300BE7A40 /* LaunchScreen.storyboard in Resources */ = {isa = PBXBuildFile; fileRef = F26143AE2673E11300BE7A40 /* LaunchScreen.storyboard */; };
		F26143BB2673E11300BE7A40 /* PhotoramaTests.swift in Sources */ = {isa = PBXBuildFile; fileRef = F26143BA2673E11300BE7A40 /* PhotoramaTests.swift */; };
		F26143C62673E11300BE7A40 /* PhotoramaUITests.swift in Sources */ = {isa = PBXBuildFile; fileRef = F26143C52673E11300BE7A40 /* PhotoramaUITests.swift */; };
		F26143DA2673E2FD00BE7A40 /* FlickrAPI.swift in Sources */ = {isa = PBXBuildFile; fileRef = F26143D92673E2FD00BE7A40 /* FlickrAPI.swift */; };
		F26143DF2673E59100BE7A40 /* PhotoStore.swift in Sources */ = {isa = PBXBuildFile; fileRef = F26143DE2673E59100BE7A40 /* PhotoStore.swift */; };
		F26143E42673E88700BE7A40 /* FlickrPhoto.swift in Sources */ = {isa = PBXBuildFile; fileRef = F26143E32673E88700BE7A40 /* FlickrPhoto.swift */; };
		F298AEBC2677C50F00BA62D3 /* PhotoDataSource.swift in Sources */ = {isa = PBXBuildFile; fileRef = F298AEBB2677C50F00BA62D3 /* PhotoDataSource.swift */; };
		F298AEC12677C90D00BA62D3 /* PhotoCollectionViewCell.swift in Sources */ = {isa = PBXBuildFile; fileRef = F298AEC02677C90D00BA62D3 /* PhotoCollectionViewCell.swift */; };
/* End PBXBuildFile section */

/* Begin PBXContainerItemProxy section */
		F26143B72673E11300BE7A40 /* PBXContainerItemProxy */ = {
			isa = PBXContainerItemProxy;
			containerPortal = F26143982673E10B00BE7A40 /* Project object */;
			proxyType = 1;
			remoteGlobalIDString = F261439F2673E10B00BE7A40;
			remoteInfo = Photorama;
		};
		F26143C22673E11300BE7A40 /* PBXContainerItemProxy */ = {
			isa = PBXContainerItemProxy;
			containerPortal = F26143982673E10B00BE7A40 /* Project object */;
			proxyType = 1;
			remoteGlobalIDString = F261439F2673E10B00BE7A40;
			remoteInfo = Photorama;
		};
/* End PBXContainerItemProxy section */

/* Begin PBXFileReference section */
		F21E14662678F4D7002FB830 /* ImageStore.swift */ = {isa = PBXFileReference; fileEncoding = 4; lastKnownFileType = sourcecode.swift; path = ImageStore.swift; sourceTree = "<group>"; };
		F21E146B2678F637002FB830 /* PhotoInfoViewController.swift */ = {isa = PBXFileReference; lastKnownFileType = sourcecode.swift; path = PhotoInfoViewController.swift; sourceTree = "<group>"; };
		F21E147426790217002FB830 /* Photorama.xcdatamodel */ = {isa = PBXFileReference; lastKnownFileType = wrapper.xcdatamodel; path = Photorama.xcdatamodel; sourceTree = "<group>"; };
		F21E147926790470002FB830 /* Photo+CoreDataClass.swift */ = {isa = PBXFileReference; lastKnownFileType = sourcecode.swift; path = "Photo+CoreDataClass.swift"; sourceTree = "<group>"; };
		F21E148326790C84002FB830 /* Photo+CoreDataProperties.swift */ = {isa = PBXFileReference; lastKnownFileType = sourcecode.swift; path = "Photo+CoreDataProperties.swift"; sourceTree = "<group>"; };
		F26143A02673E10B00BE7A40 /* Photorama.app */ = {isa = PBXFileReference; explicitFileType = wrapper.application; includeInIndex = 0; path = Photorama.app; sourceTree = BUILT_PRODUCTS_DIR; };
		F26143A32673E10B00BE7A40 /* AppDelegate.swift */ = {isa = PBXFileReference; lastKnownFileType = sourcecode.swift; path = AppDelegate.swift; sourceTree = "<group>"; };
		F26143A52673E10B00BE7A40 /* SceneDelegate.swift */ = {isa = PBXFileReference; lastKnownFileType = sourcecode.swift; path = SceneDelegate.swift; sourceTree = "<group>"; };
		F26143A72673E10B00BE7A40 /* PhotosViewController.swift */ = {isa = PBXFileReference; lastKnownFileType = sourcecode.swift; path = PhotosViewController.swift; sourceTree = "<group>"; };
		F26143AA2673E10B00BE7A40 /* Base */ = {isa = PBXFileReference; lastKnownFileType = file.storyboard; name = Base; path = Base.lproj/Main.storyboard; sourceTree = "<group>"; };
		F26143AC2673E11300BE7A40 /* Assets.xcassets */ = {isa = PBXFileReference; lastKnownFileType = folder.assetcatalog; path = Assets.xcassets; sourceTree = "<group>"; };
		F26143AF2673E11300BE7A40 /* Base */ = {isa = PBXFileReference; lastKnownFileType = file.storyboard; name = Base; path = Base.lproj/LaunchScreen.storyboard; sourceTree = "<group>"; };
		F26143B12673E11300BE7A40 /* Info.plist */ = {isa = PBXFileReference; lastKnownFileType = text.plist.xml; path = Info.plist; sourceTree = "<group>"; };
		F26143B62673E11300BE7A40 /* PhotoramaTests.xctest */ = {isa = PBXFileReference; explicitFileType = wrapper.cfbundle; includeInIndex = 0; path = PhotoramaTests.xctest; sourceTree = BUILT_PRODUCTS_DIR; };
		F26143BA2673E11300BE7A40 /* PhotoramaTests.swift */ = {isa = PBXFileReference; lastKnownFileType = sourcecode.swift; path = PhotoramaTests.swift; sourceTree = "<group>"; };
		F26143BC2673E11300BE7A40 /* Info.plist */ = {isa = PBXFileReference; lastKnownFileType = text.plist.xml; path = Info.plist; sourceTree = "<group>"; };
		F26143C12673E11300BE7A40 /* PhotoramaUITests.xctest */ = {isa = PBXFileReference; explicitFileType = wrapper.cfbundle; includeInIndex = 0; path = PhotoramaUITests.xctest; sourceTree = BUILT_PRODUCTS_DIR; };
		F26143C52673E11300BE7A40 /* PhotoramaUITests.swift */ = {isa = PBXFileReference; lastKnownFileType = sourcecode.swift; path = PhotoramaUITests.swift; sourceTree = "<group>"; };
		F26143C72673E11300BE7A40 /* Info.plist */ = {isa = PBXFileReference; lastKnownFileType = text.plist.xml; path = Info.plist; sourceTree = "<group>"; };
		F26143D92673E2FD00BE7A40 /* FlickrAPI.swift */ = {isa = PBXFileReference; lastKnownFileType = sourcecode.swift; path = FlickrAPI.swift; sourceTree = "<group>"; };
		F26143DE2673E59100BE7A40 /* PhotoStore.swift */ = {isa = PBXFileReference; lastKnownFileType = sourcecode.swift; path = PhotoStore.swift; sourceTree = "<group>"; };
		F26143E32673E88700BE7A40 /* FlickrPhoto.swift */ = {isa = PBXFileReference; lastKnownFileType = sourcecode.swift; path = FlickrPhoto.swift; sourceTree = "<group>"; };
		F298AEBB2677C50F00BA62D3 /* PhotoDataSource.swift */ = {isa = PBXFileReference; lastKnownFileType = sourcecode.swift; path = PhotoDataSource.swift; sourceTree = "<group>"; };
		F298AEC02677C90D00BA62D3 /* PhotoCollectionViewCell.swift */ = {isa = PBXFileReference; lastKnownFileType = sourcecode.swift; path = PhotoCollectionViewCell.swift; sourceTree = "<group>"; };
/* End PBXFileReference section */

/* Begin PBXFrameworksBuildPhase section */
		F261439D2673E10B00BE7A40 /* Frameworks */ = {
			isa = PBXFrameworksBuildPhase;
			buildActionMask = 2147483647;
			files = (
			);
			runOnlyForDeploymentPostprocessing = 0;
		};
		F26143B32673E11300BE7A40 /* Frameworks */ = {
			isa = PBXFrameworksBuildPhase;
			buildActionMask = 2147483647;
			files = (
			);
			runOnlyForDeploymentPostprocessing = 0;
		};
		F26143BE2673E11300BE7A40 /* Frameworks */ = {
			isa = PBXFrameworksBuildPhase;
			buildActionMask = 2147483647;
			files = (
			);
			runOnlyForDeploymentPostprocessing = 0;
		};
/* End PBXFrameworksBuildPhase section */

/* Begin PBXGroup section */
		F26143972673E10B00BE7A40 = {
			isa = PBXGroup;
			children = (
				F21E148326790C84002FB830 /* Photo+CoreDataProperties.swift */,
				F21E147926790470002FB830 /* Photo+CoreDataClass.swift */,
				F26143A22673E10B00BE7A40 /* Photorama */,
				F26143B92673E11300BE7A40 /* PhotoramaTests */,
				F26143C42673E11300BE7A40 /* PhotoramaUITests */,
				F26143A12673E10B00BE7A40 /* Products */,
			);
			sourceTree = "<group>";
		};
		F26143A12673E10B00BE7A40 /* Products */ = {
			isa = PBXGroup;
			children = (
				F26143A02673E10B00BE7A40 /* Photorama.app */,
				F26143B62673E11300BE7A40 /* PhotoramaTests.xctest */,
				F26143C12673E11300BE7A40 /* PhotoramaUITests.xctest */,
			);
			name = Products;
			sourceTree = "<group>";
		};
		F26143A22673E10B00BE7A40 /* Photorama */ = {
			isa = PBXGroup;
			children = (
				F21E14662678F4D7002FB830 /* ImageStore.swift */,
				F26143A32673E10B00BE7A40 /* AppDelegate.swift */,
				F26143A52673E10B00BE7A40 /* SceneDelegate.swift */,
				F26143A72673E10B00BE7A40 /* PhotosViewController.swift */,
				F26143A92673E10B00BE7A40 /* Main.storyboard */,
				F26143AC2673E11300BE7A40 /* Assets.xcassets */,
				F26143AE2673E11300BE7A40 /* LaunchScreen.storyboard */,
				F26143B12673E11300BE7A40 /* Info.plist */,
				F26143D92673E2FD00BE7A40 /* FlickrAPI.swift */,
				F26143DE2673E59100BE7A40 /* PhotoStore.swift */,
				F26143E32673E88700BE7A40 /* FlickrPhoto.swift */,
				F298AEBB2677C50F00BA62D3 /* PhotoDataSource.swift */,
				F298AEC02677C90D00BA62D3 /* PhotoCollectionViewCell.swift */,
				F21E146B2678F637002FB830 /* PhotoInfoViewController.swift */,
				F21E147326790217002FB830 /* Photorama.xcdatamodeld */,
			);
			path = Photorama;
			sourceTree = "<group>";
		};
		F26143B92673E11300BE7A40 /* PhotoramaTests */ = {
			isa = PBXGroup;
			children = (
				F26143BA2673E11300BE7A40 /* PhotoramaTests.swift */,
				F26143BC2673E11300BE7A40 /* Info.plist */,
			);
			path = PhotoramaTests;
			sourceTree = "<group>";
		};
		F26143C42673E11300BE7A40 /* PhotoramaUITests */ = {
			isa = PBXGroup;
			children = (
				F26143C52673E11300BE7A40 /* PhotoramaUITests.swift */,
				F26143C72673E11300BE7A40 /* Info.plist */,
			);
			path = PhotoramaUITests;
			sourceTree = "<group>";
		};
/* End PBXGroup section */

/* Begin PBXNativeTarget section */
		F261439F2673E10B00BE7A40 /* Photorama */ = {
			isa = PBXNativeTarget;
			buildConfigurationList = F26143CA2673E11300BE7A40 /* Build configuration list for PBXNativeTarget "Photorama" */;
			buildPhases = (
				F261439C2673E10B00BE7A40 /* Sources */,
				F261439D2673E10B00BE7A40 /* Frameworks */,
				F261439E2673E10B00BE7A40 /* Resources */,
			);
			buildRules = (
			);
			dependencies = (
			);
			name = Photorama;
			productName = Photorama;
			productReference = F26143A02673E10B00BE7A40 /* Photorama.app */;
			productType = "com.apple.product-type.application";
		};
		F26143B52673E11300BE7A40 /* PhotoramaTests */ = {
			isa = PBXNativeTarget;
			buildConfigurationList = F26143CD2673E11300BE7A40 /* Build configuration list for PBXNativeTarget "PhotoramaTests" */;
			buildPhases = (
				F26143B22673E11300BE7A40 /* Sources */,
				F26143B32673E11300BE7A40 /* Frameworks */,
				F26143B42673E11300BE7A40 /* Resources */,
			);
			buildRules = (
			);
			dependencies = (
				F26143B82673E11300BE7A40 /* PBXTargetDependency */,
			);
			name = PhotoramaTests;
			productName = PhotoramaTests;
			productReference = F26143B62673E11300BE7A40 /* PhotoramaTests.xctest */;
			productType = "com.apple.product-type.bundle.unit-test";
		};
		F26143C02673E11300BE7A40 /* PhotoramaUITests */ = {
			isa = PBXNativeTarget;
			buildConfigurationList = F26143D02673E11300BE7A40 /* Build configuration list for PBXNativeTarget "PhotoramaUITests" */;
			buildPhases = (
				F26143BD2673E11300BE7A40 /* Sources */,
				F26143BE2673E11300BE7A40 /* Frameworks */,
				F26143BF2673E11300BE7A40 /* Resources */,
			);
			buildRules = (
			);
			dependencies = (
				F26143C32673E11300BE7A40 /* PBXTargetDependency */,
			);
			name = PhotoramaUITests;
			productName = PhotoramaUITests;
			productReference = F26143C12673E11300BE7A40 /* PhotoramaUITests.xctest */;
			productType = "com.apple.product-type.bundle.ui-testing";
		};
/* End PBXNativeTarget section */

/* Begin PBXProject section */
		F26143982673E10B00BE7A40 /* Project object */ = {
			isa = PBXProject;
			attributes = {
				LastSwiftUpdateCheck = 1240;
				LastUpgradeCheck = 1240;
				TargetAttributes = {
					F261439F2673E10B00BE7A40 = {
						CreatedOnToolsVersion = 12.4;
					};
					F26143B52673E11300BE7A40 = {
						CreatedOnToolsVersion = 12.4;
						TestTargetID = F261439F2673E10B00BE7A40;
					};
					F26143C02673E11300BE7A40 = {
						CreatedOnToolsVersion = 12.4;
						TestTargetID = F261439F2673E10B00BE7A40;
					};
				};
			};
			buildConfigurationList = F261439B2673E10B00BE7A40 /* Build configuration list for PBXProject "Photorama" */;
			compatibilityVersion = "Xcode 9.3";
			developmentRegion = en;
			hasScannedForEncodings = 0;
			knownRegions = (
				en,
				Base,
			);
			mainGroup = F26143972673E10B00BE7A40;
			productRefGroup = F26143A12673E10B00BE7A40 /* Products */;
			projectDirPath = "";
			projectRoot = "";
			targets = (
				F261439F2673E10B00BE7A40 /* Photorama */,
				F26143B52673E11300BE7A40 /* PhotoramaTests */,
				F26143C02673E11300BE7A40 /* PhotoramaUITests */,
			);
		};
/* End PBXProject section */

/* Begin PBXResourcesBuildPhase section */
		F261439E2673E10B00BE7A40 /* Resources */ = {
			isa = PBXResourcesBuildPhase;
			buildActionMask = 2147483647;
			files = (
				F26143B02673E11300BE7A40 /* LaunchScreen.storyboard in Resources */,
				F26143AD2673E11300BE7A40 /* Assets.xcassets in Resources */,
				F26143AB2673E10B00BE7A40 /* Main.storyboard in Resources */,
			);
			runOnlyForDeploymentPostprocessing = 0;
		};
		F26143B42673E11300BE7A40 /* Resources */ = {
			isa = PBXResourcesBuildPhase;
			buildActionMask = 2147483647;
			files = (
			);
			runOnlyForDeploymentPostprocessing = 0;
		};
		F26143BF2673E11300BE7A40 /* Resources */ = {
			isa = PBXResourcesBuildPhase;
			buildActionMask = 2147483647;
			files = (
			);
			runOnlyForDeploymentPostprocessing = 0;
		};
/* End PBXResourcesBuildPhase section */

/* Begin PBXSourcesBuildPhase section */
		F261439C2673E10B00BE7A40 /* Sources */ = {
			isa = PBXSourcesBuildPhase;
			buildActionMask = 2147483647;
			files = (
				F26143E42673E88700BE7A40 /* FlickrPhoto.swift in Sources */,
				F21E148426790C84002FB830 /* Photo+CoreDataProperties.swift in Sources */,
				F21E146C2678F637002FB830 /* PhotoInfoViewController.swift in Sources */,
				F298AEC12677C90D00BA62D3 /* PhotoCollectionViewCell.swift in Sources */,
				F298AEBC2677C50F00BA62D3 /* PhotoDataSource.swift in Sources */,
				F26143DF2673E59100BE7A40 /* PhotoStore.swift in Sources */,
				F26143A82673E10B00BE7A40 /* PhotosViewController.swift in Sources */,
				F21E147B26790470002FB830 /* Photo+CoreDataClass.swift in Sources */,
				F21E14672678F4D7002FB830 /* ImageStore.swift in Sources */,
				F21E147526790217002FB830 /* Photorama.xcdatamodeld in Sources */,
				F26143A42673E10B00BE7A40 /* AppDelegate.swift in Sources */,
				F26143A62673E10B00BE7A40 /* SceneDelegate.swift in Sources */,
				F26143DA2673E2FD00BE7A40 /* FlickrAPI.swift in Sources */,
			);
			runOnlyForDeploymentPostprocessing = 0;
		};
		F26143B22673E11300BE7A40 /* Sources */ = {
			isa = PBXSourcesBuildPhase;
			buildActionMask = 2147483647;
			files = (
				F26143BB2673E11300BE7A40 /* PhotoramaTests.swift in Sources */,
			);
			runOnlyForDeploymentPostprocessing = 0;
		};
		F26143BD2673E11300BE7A40 /* Sources */ = {
			isa = PBXSourcesBuildPhase;
			buildActionMask = 2147483647;
			files = (
				F26143C62673E11300BE7A40 /* PhotoramaUITests.swift in Sources */,
			);
			runOnlyForDeploymentPostprocessing = 0;
		};
/* End PBXSourcesBuildPhase section */

/* Begin PBXTargetDependency section */
		F26143B82673E11300BE7A40 /* PBXTargetDependency */ = {
			isa = PBXTargetDependency;
			target = F261439F2673E10B00BE7A40 /* Photorama */;
			targetProxy = F26143B72673E11300BE7A40 /* PBXContainerItemProxy */;
		};
		F26143C32673E11300BE7A40 /* PBXTargetDependency */ = {
			isa = PBXTargetDependency;
			target = F261439F2673E10B00BE7A40 /* Photorama */;
			targetProxy = F26143C22673E11300BE7A40 /* PBXContainerItemProxy */;
		};
/* End PBXTargetDependency section */

/* Begin PBXVariantGroup section */
		F26143A92673E10B00BE7A40 /* Main.storyboard */ = {
			isa = PBXVariantGroup;
			children = (
				F26143AA2673E10B00BE7A40 /* Base */,
			);
			name = Main.storyboard;
			sourceTree = "<group>";
		};
		F26143AE2673E11300BE7A40 /* LaunchScreen.storyboard */ = {
			isa = PBXVariantGroup;
			children = (
				F26143AF2673E11300BE7A40 /* Base */,
			);
			name = LaunchScreen.storyboard;
			sourceTree = "<group>";
		};
/* End PBXVariantGroup section */

/* Begin XCBuildConfiguration section */
		F26143C82673E11300BE7A40 /* Debug */ = {
			isa = XCBuildConfiguration;
			buildSettings = {
				ALWAYS_SEARCH_USER_PATHS = NO;
				CLANG_ANALYZER_NONNULL = YES;
				CLANG_ANALYZER_NUMBER_OBJECT_CONVERSION = YES_AGGRESSIVE;
				CLANG_CXX_LANGUAGE_STANDARD = "gnu++14";
				CLANG_CXX_LIBRARY = "libc++";
				CLANG_ENABLE_MODULES = YES;
				CLANG_ENABLE_OBJC_ARC = YES;
				CLANG_ENABLE_OBJC_WEAK = YES;
				CLANG_WARN_BLOCK_CAPTURE_AUTORELEASING = YES;
				CLANG_WARN_BOOL_CONVERSION = YES;
				CLANG_WARN_COMMA = YES;
				CLANG_WARN_CONSTANT_CONVERSION = YES;
				CLANG_WARN_DEPRECATED_OBJC_IMPLEMENTATIONS = YES;
				CLANG_WARN_DIRECT_OBJC_ISA_USAGE = YES_ERROR;
				CLANG_WARN_DOCUMENTATION_COMMENTS = YES;
				CLANG_WARN_EMPTY_BODY = YES;
				CLANG_WARN_ENUM_CONVERSION = YES;
				CLANG_WARN_INFINITE_RECURSION = YES;
				CLANG_WARN_INT_CONVERSION = YES;
				CLANG_WARN_NON_LITERAL_NULL_CONVERSION = YES;
				CLANG_WARN_OBJC_IMPLICIT_RETAIN_SELF = YES;
				CLANG_WARN_OBJC_LITERAL_CONVERSION = YES;
				CLANG_WARN_OBJC_ROOT_CLASS = YES_ERROR;
				CLANG_WARN_QUOTED_INCLUDE_IN_FRAMEWORK_HEADER = YES;
				CLANG_WARN_RANGE_LOOP_ANALYSIS = YES;
				CLANG_WARN_STRICT_PROTOTYPES = YES;
				CLANG_WARN_SUSPICIOUS_MOVE = YES;
				CLANG_WARN_UNGUARDED_AVAILABILITY = YES_AGGRESSIVE;
				CLANG_WARN_UNREACHABLE_CODE = YES;
				CLANG_WARN__DUPLICATE_METHOD_MATCH = YES;
				COPY_PHASE_STRIP = NO;
				DEBUG_INFORMATION_FORMAT = dwarf;
				ENABLE_STRICT_OBJC_MSGSEND = YES;
				ENABLE_TESTABILITY = YES;
				GCC_C_LANGUAGE_STANDARD = gnu11;
				GCC_DYNAMIC_NO_PIC = NO;
				GCC_NO_COMMON_BLOCKS = YES;
				GCC_OPTIMIZATION_LEVEL = 0;
				GCC_PREPROCESSOR_DEFINITIONS = (
					"DEBUG=1",
					"$(inherited)",
				);
				GCC_WARN_64_TO_32_BIT_CONVERSION = YES;
				GCC_WARN_ABOUT_RETURN_TYPE = YES_ERROR;
				GCC_WARN_UNDECLARED_SELECTOR = YES;
				GCC_WARN_UNINITIALIZED_AUTOS = YES_AGGRESSIVE;
				GCC_WARN_UNUSED_FUNCTION = YES;
				GCC_WARN_UNUSED_VARIABLE = YES;
				IPHONEOS_DEPLOYMENT_TARGET = 14.4;
				MTL_ENABLE_DEBUG_INFO = INCLUDE_SOURCE;
				MTL_FAST_MATH = YES;
				ONLY_ACTIVE_ARCH = YES;
				SDKROOT = iphoneos;
				SWIFT_ACTIVE_COMPILATION_CONDITIONS = DEBUG;
				SWIFT_OPTIMIZATION_LEVEL = "-Onone";
			};
			name = Debug;
		};
		F26143C92673E11300BE7A40 /* Release */ = {
			isa = XCBuildConfiguration;
			buildSettings = {
				ALWAYS_SEARCH_USER_PATHS = NO;
				CLANG_ANALYZER_NONNULL = YES;
				CLANG_ANALYZER_NUMBER_OBJECT_CONVERSION = YES_AGGRESSIVE;
				CLANG_CXX_LANGUAGE_STANDARD = "gnu++14";
				CLANG_CXX_LIBRARY = "libc++";
				CLANG_ENABLE_MODULES = YES;
				CLANG_ENABLE_OBJC_ARC = YES;
				CLANG_ENABLE_OBJC_WEAK = YES;
				CLANG_WARN_BLOCK_CAPTURE_AUTORELEASING = YES;
				CLANG_WARN_BOOL_CONVERSION = YES;
				CLANG_WARN_COMMA = YES;
				CLANG_WARN_CONSTANT_CONVERSION = YES;
				CLANG_WARN_DEPRECATED_OBJC_IMPLEMENTATIONS = YES;
				CLANG_WARN_DIRECT_OBJC_ISA_USAGE = YES_ERROR;
				CLANG_WARN_DOCUMENTATION_COMMENTS = YES;
				CLANG_WARN_EMPTY_BODY = YES;
				CLANG_WARN_ENUM_CONVERSION = YES;
				CLANG_WARN_INFINITE_RECURSION = YES;
				CLANG_WARN_INT_CONVERSION = YES;
				CLANG_WARN_NON_LITERAL_NULL_CONVERSION = YES;
				CLANG_WARN_OBJC_IMPLICIT_RETAIN_SELF = YES;
				CLANG_WARN_OBJC_LITERAL_CONVERSION = YES;
				CLANG_WARN_OBJC_ROOT_CLASS = YES_ERROR;
				CLANG_WARN_QUOTED_INCLUDE_IN_FRAMEWORK_HEADER = YES;
				CLANG_WARN_RANGE_LOOP_ANALYSIS = YES;
				CLANG_WARN_STRICT_PROTOTYPES = YES;
				CLANG_WARN_SUSPICIOUS_MOVE = YES;
				CLANG_WARN_UNGUARDED_AVAILABILITY = YES_AGGRESSIVE;
				CLANG_WARN_UNREACHABLE_CODE = YES;
				CLANG_WARN__DUPLICATE_METHOD_MATCH = YES;
				COPY_PHASE_STRIP = NO;
				DEBUG_INFORMATION_FORMAT = "dwarf-with-dsym";
				ENABLE_NS_ASSERTIONS = NO;
				ENABLE_STRICT_OBJC_MSGSEND = YES;
				GCC_C_LANGUAGE_STANDARD = gnu11;
				GCC_NO_COMMON_BLOCKS = YES;
				GCC_WARN_64_TO_32_BIT_CONVERSION = YES;
				GCC_WARN_ABOUT_RETURN_TYPE = YES_ERROR;
				GCC_WARN_UNDECLARED_SELECTOR = YES;
				GCC_WARN_UNINITIALIZED_AUTOS = YES_AGGRESSIVE;
				GCC_WARN_UNUSED_FUNCTION = YES;
				GCC_WARN_UNUSED_VARIABLE = YES;
				IPHONEOS_DEPLOYMENT_TARGET = 14.4;
				MTL_ENABLE_DEBUG_INFO = NO;
				MTL_FAST_MATH = YES;
				SDKROOT = iphoneos;
				SWIFT_COMPILATION_MODE = wholemodule;
				SWIFT_OPTIMIZATION_LEVEL = "-O";
				VALIDATE_PRODUCT = YES;
			};
			name = Release;
		};
		F26143CB2673E11300BE7A40 /* Debug */ = {
			isa = XCBuildConfiguration;
			buildSettings = {
				ASSETCATALOG_COMPILER_APPICON_NAME = AppIcon;
				ASSETCATALOG_COMPILER_GLOBAL_ACCENT_COLOR_NAME = AccentColor;
				CODE_SIGN_STYLE = Automatic;
				DEVELOPMENT_TEAM = 6KRP33G66M;
				INFOPLIST_FILE = Photorama/Info.plist;
				LD_RUNPATH_SEARCH_PATHS = (
					"$(inherited)",
					"@executable_path/Frameworks",
				);
				PRODUCT_BUNDLE_IDENTIFIER = com.asilvag.Photorama;
				PRODUCT_NAME = "$(TARGET_NAME)";
				SWIFT_VERSION = 5.0;
				TARGETED_DEVICE_FAMILY = "1,2";
			};
			name = Debug;
		};
		F26143CC2673E11300BE7A40 /* Release */ = {
			isa = XCBuildConfiguration;
			buildSettings = {
				ASSETCATALOG_COMPILER_APPICON_NAME = AppIcon;
				ASSETCATALOG_COMPILER_GLOBAL_ACCENT_COLOR_NAME = AccentColor;
				CODE_SIGN_STYLE = Automatic;
				DEVELOPMENT_TEAM = 6KRP33G66M;
				INFOPLIST_FILE = Photorama/Info.plist;
				LD_RUNPATH_SEARCH_PATHS = (
					"$(inherited)",
					"@executable_path/Frameworks",
				);
				PRODUCT_BUNDLE_IDENTIFIER = com.asilvag.Photorama;
				PRODUCT_NAME = "$(TARGET_NAME)";
				SWIFT_VERSION = 5.0;
				TARGETED_DEVICE_FAMILY = "1,2";
			};
			name = Release;
		};
		F26143CE2673E11300BE7A40 /* Debug */ = {
			isa = XCBuildConfiguration;
			buildSettings = {
				ALWAYS_EMBED_SWIFT_STANDARD_LIBRARIES = YES;
				BUNDLE_LOADER = "$(TEST_HOST)";
				CODE_SIGN_STYLE = Automatic;
				DEVELOPMENT_TEAM = 6KRP33G66M;
				INFOPLIST_FILE = PhotoramaTests/Info.plist;
				IPHONEOS_DEPLOYMENT_TARGET = 14.4;
				LD_RUNPATH_SEARCH_PATHS = (
					"$(inherited)",
					"@executable_path/Frameworks",
					"@loader_path/Frameworks",
				);
				PRODUCT_BUNDLE_IDENTIFIER = com.asilvag.PhotoramaTests;
				PRODUCT_NAME = "$(TARGET_NAME)";
				SWIFT_VERSION = 5.0;
				TARGETED_DEVICE_FAMILY = "1,2";
				TEST_HOST = "$(BUILT_PRODUCTS_DIR)/Photorama.app/Photorama";
			};
			name = Debug;
		};
		F26143CF2673E11300BE7A40 /* Release */ = {
			isa = XCBuildConfiguration;
			buildSettings = {
				ALWAYS_EMBED_SWIFT_STANDARD_LIBRARIES = YES;
				BUNDLE_LOADER = "$(TEST_HOST)";
				CODE_SIGN_STYLE = Automatic;
				DEVELOPMENT_TEAM = 6KRP33G66M;
				INFOPLIST_FILE = PhotoramaTests/Info.plist;
				IPHONEOS_DEPLOYMENT_TARGET = 14.4;
				LD_RUNPATH_SEARCH_PATHS = (
					"$(inherited)",
					"@executable_path/Frameworks",
					"@loader_path/Frameworks",
				);
				PRODUCT_BUNDLE_IDENTIFIER = com.asilvag.PhotoramaTests;
				PRODUCT_NAME = "$(TARGET_NAME)";
				SWIFT_VERSION = 5.0;
				TARGETED_DEVICE_FAMILY = "1,2";
				TEST_HOST = "$(BUILT_PRODUCTS_DIR)/Photorama.app/Photorama";
			};
			name = Release;
		};
		F26143D12673E11300BE7A40 /* Debug */ = {
			isa = XCBuildConfiguration;
			buildSettings = {
				ALWAYS_EMBED_SWIFT_STANDARD_LIBRARIES = YES;
				CODE_SIGN_STYLE = Automatic;
				DEVELOPMENT_TEAM = 6KRP33G66M;
				INFOPLIST_FILE = PhotoramaUITests/Info.plist;
				LD_RUNPATH_SEARCH_PATHS = (
					"$(inherited)",
					"@executable_path/Frameworks",
					"@loader_path/Frameworks",
				);
				PRODUCT_BUNDLE_IDENTIFIER = com.asilvag.PhotoramaUITests;
				PRODUCT_NAME = "$(TARGET_NAME)";
				SWIFT_VERSION = 5.0;
				TARGETED_DEVICE_FAMILY = "1,2";
				TEST_TARGET_NAME = Photorama;
			};
			name = Debug;
		};
		F26143D22673E11300BE7A40 /* Release */ = {
			isa = XCBuildConfiguration;
			buildSettings = {
				ALWAYS_EMBED_SWIFT_STANDARD_LIBRARIES = YES;
				CODE_SIGN_STYLE = Automatic;
				DEVELOPMENT_TEAM = 6KRP33G66M;
				INFOPLIST_FILE = PhotoramaUITests/Info.plist;
				LD_RUNPATH_SEARCH_PATHS = (
					"$(inherited)",
					"@executable_path/Frameworks",
					"@loader_path/Frameworks",
				);
				PRODUCT_BUNDLE_IDENTIFIER = com.asilvag.PhotoramaUITests;
				PRODUCT_NAME = "$(TARGET_NAME)";
				SWIFT_VERSION = 5.0;
				TARGETED_DEVICE_FAMILY = "1,2";
				TEST_TARGET_NAME = Photorama;
			};
			name = Release;
		};
/* End XCBuildConfiguration section */

/* Begin XCConfigurationList section */
		F261439B2673E10B00BE7A40 /* Build configuration list for PBXProject "Photorama" */ = {
			isa = XCConfigurationList;
			buildConfigurations = (
				F26143C82673E11300BE7A40 /* Debug */,
				F26143C92673E11300BE7A40 /* Release */,
			);
			defaultConfigurationIsVisible = 0;
			defaultConfigurationName = Release;
		};
		F26143CA2673E11300BE7A40 /* Build configuration list for PBXNativeTarget "Photorama" */ = {
			isa = XCConfigurationList;
			buildConfigurations = (
				F26143CB2673E11300BE7A40 /* Debug */,
				F26143CC2673E11300BE7A40 /* Release */,
			);
			defaultConfigurationIsVisible = 0;
			defaultConfigurationName = Release;
		};
		F26143CD2673E11300BE7A40 /* Build configuration list for PBXNativeTarget "PhotoramaTests" */ = {
			isa = XCConfigurationList;
			buildConfigurations = (
				F26143CE2673E11300BE7A40 /* Debug */,
				F26143CF2673E11300BE7A40 /* Release */,
			);
			defaultConfigurationIsVisible = 0;
			defaultConfigurationName = Release;
		};
		F26143D02673E11300BE7A40 /* Build configuration list for PBXNativeTarget "PhotoramaUITests" */ = {
			isa = XCConfigurationList;
			buildConfigurations = (
				F26143D12673E11300BE7A40 /* Debug */,
				F26143D22673E11300BE7A40 /* Release */,
			);
			defaultConfigurationIsVisible = 0;
			defaultConfigurationName = Release;
		};
/* End XCConfigurationList section */

/* Begin XCVersionGroup section */
		F21E147326790217002FB830 /* Photorama.xcdatamodeld */ = {
			isa = XCVersionGroup;
			children = (
				F21E147426790217002FB830 /* Photorama.xcdatamodel */,
			);
			currentVersion = F21E147426790217002FB830 /* Photorama.xcdatamodel */;
			path = Photorama.xcdatamodeld;
			sourceTree = "<group>";
			versionGroupType = wrapper.xcdatamodel;
		};
/* End XCVersionGroup section */
	};
	rootObject = F26143982673E10B00BE7A40 /* Project object */;
}
